PODS:
  - AFNetworking (3.2.0):
    - AFNetworking/NSURLSession (= 3.2.0)
    - AFNetworking/Reachability (= 3.2.0)
    - AFNetworking/Security (= 3.2.0)
    - AFNetworking/Serialization (= 3.2.0)
    - AFNetworking/UIKit (= 3.2.0)
  - AFNetworking/NSURLSession (3.2.0):
    - AFNetworking/Reachability
    - AFNetworking/Security
    - AFNetworking/Serialization
  - AFNetworking/Reachability (3.2.0)
  - AFNetworking/Security (3.2.0)
  - AFNetworking/Serialization (3.2.0)
  - AFNetworking/UIKit (3.2.0):
    - AFNetworking/NSURLSession
  - AWSAuthCore (2.6.13):
    - AWSCore (= 2.6.13)
  - AWSCognito (2.6.13):
    - AWSCore (= 2.6.13)
  - AWSCore (2.6.13)
  - AWSMobileClient (2.6.13):
    - AWSAuthCore (= 2.6.13)
  - AWSS3 (2.6.13):
    - AWSCore (= 2.6.13)
  - CYLTabBarController (1.17.6)
  - JXPhotoBrowser (1.6.1):
    - JXPhotoBrowser/Kingfisher (= 1.6.1)
  - JXPhotoBrowser/Core (1.6.1)
  - JXPhotoBrowser/Kingfisher (1.6.1):
    - JXPhotoBrowser/Core
    - Kingfisher
  - Kingfisher (4.10.0)
  - Masonry (1.1.0)
  - SDWebImage (4.3.2):
    - SDWebImage/Core (= 4.3.2)
  - SDWebImage/Core (4.3.2)
  - YYModel (1.0.4)

DEPENDENCIES:
  - AFNetworking
  - AWSCognito (~> 2.6.13)
  - AWSMobileClient (~> 2.6.13)
  - AWSS3 (~> 2.6.13)
  - CYLTabBarController (~> 1.17.6)
  - JXPhotoBrowser
  - Masonry
  - SDWebImage
  - YYModel

SPEC CHECKSUMS:
  AFNetworking: 8ac6017b94ea105479f7776e5288e48ae9c59bb4
  AWSAuthCore: 821990b7fc2febe5ed5eb42199ea55ee22ac911d
  AWSCognito: 26f1263726ddc4c16b2a9876402b4bc5c25199b7
  AWSCore: 5da797bc476188fdaf00dec134fa18d84708eca9
  AWSMobileClient: bf1c341c91f82eda8f757cd96dc0cbb3d1f0b768
  AWSS3: 7c178c82c2e648559b7075a663335055327dd4f5
  CYLTabBarController: c374643dea6dadece8bdff9c70f7387f8ffd7d08
  JXPhotoBrowser: c0bfdad3d29c33a8e67ad69b898545452b888dc8
  Kingfisher: 43c4b802d8b5256cf1f4379e9cd10b329be6d3e2
  Masonry: 678fab65091a9290e40e2832a55e7ab731aad201
  SDWebImage: 29bd3c0bc1f01e5eb59720847c64ad4c4ca1af5d
  YYModel: 2a7fdd96aaa4b86a824e26d0c517de8928c04b30

PODFILE CHECKSUM: 2dd320cede78bb9ed7f93be1270d3e3947e7126f

COCOAPODS: 1.4.0
