// !$*UTF8*$!
{
	archiveVersion = 1;
	classes = {
	};
	objectVersion = 50;
	objects = {

/* Begin PBXBuildFile section */
		99017C1421706C5700155724 /* RegisterViewController.swift in Sources */ = {isa = PBXBuildFile; fileRef = 99017C1221706C5700155724 /* RegisterViewController.swift */; };
		99017C1521706C5700155724 /* RegisterViewController.xib in Resources */ = {isa = PBXBuildFile; fileRef = 99017C1321706C5700155724 /* RegisterViewController.xib */; };
		99017C18217077CE00155724 /* ResetPasswordViewController.swift in Sources */ = {isa = PBXBuildFile; fileRef = 99017C16217077CE00155724 /* ResetPasswordViewController.swift */; };
		99017C19217077CE00155724 /* ResetPasswordViewController.xib in Resources */ = {isa = PBXBuildFile; fileRef = 99017C17217077CE00155724 /* ResetPasswordViewController.xib */; };
		99017C1D2170889500155724 /* CarryMissionDetailViewController.swift in Sources */ = {isa = PBXBuildFile; fileRef = 99017C1C2170889500155724 /* CarryMissionDetailViewController.swift */; };
		99017C1F217088AF00155724 /* MissionDetailBaseViewController.swift in Sources */ = {isa = PBXBuildFile; fileRef = 99017C1E217088AF00155724 /* MissionDetailBaseViewController.swift */; };
		99017C2121708A6B00155724 /* MissionBaseInfoView.swift in Sources */ = {isa = PBXBuildFile; fileRef = 99017C2021708A6B00155724 /* MissionBaseInfoView.swift */; };
		99017C232170A8E900155724 /* CarryMissionInfoView.swift in Sources */ = {isa = PBXBuildFile; fileRef = 99017C222170A8E900155724 /* CarryMissionInfoView.swift */; };
		9906B15A2180C0700095E1DD /* HomeMissionCell.swift in Sources */ = {isa = PBXBuildFile; fileRef = 9906B1592180C0700095E1DD /* HomeMissionCell.swift */; };
		9906B15E2180C4BB0095E1DD /* Localizable.strings in Resources */ = {isa = PBXBuildFile; fileRef = 9906B1602180C4BB0095E1DD /* Localizable.strings */; };
		9906B1642180C6A80095E1DD /* LanguageHelper.swift in Sources */ = {isa = PBXBuildFile; fileRef = 9906B1632180C6A80095E1DD /* LanguageHelper.swift */; };
		990F7AF4216FAF490075A04C /* CalendarBgView.swift in Sources */ = {isa = PBXBuildFile; fileRef = 990F7AF3216FAF490075A04C /* CalendarBgView.swift */; };
		990F7AF62170ED560075A04C /* ViewCategory.swift in Sources */ = {isa = PBXBuildFile; fileRef = 990F7AF52170ED560075A04C /* ViewCategory.swift */; };
		990F7AFB217197C40075A04C /* CarryMissonImageAndFlieView.swift in Sources */ = {isa = PBXBuildFile; fileRef = 990F7AFA217197C40075A04C /* CarryMissonImageAndFlieView.swift */; };
		990F7AFD2171B3700075A04C /* FlieItem.swift in Sources */ = {isa = PBXBuildFile; fileRef = 990F7AFC2171B3700075A04C /* FlieItem.swift */; };
		990F7AFF2171C5E80075A04C /* FeedbackView.swift in Sources */ = {isa = PBXBuildFile; fileRef = 990F7AFE2171C5E80075A04C /* FeedbackView.swift */; };
		990F7B012171D2010075A04C /* CheckView.swift in Sources */ = {isa = PBXBuildFile; fileRef = 990F7B002171D2010075A04C /* CheckView.swift */; };
		990F7B032171D8D80075A04C /* CleanMissionDetailViewController.swift in Sources */ = {isa = PBXBuildFile; fileRef = 990F7B022171D8D80075A04C /* CleanMissionDetailViewController.swift */; };
		990F7B052171DA570075A04C /* RoomInfoView.swift in Sources */ = {isa = PBXBuildFile; fileRef = 990F7B042171DA570075A04C /* RoomInfoView.swift */; };
		990F7B07217205490075A04C /* RepairMissionDetailViewController.swift in Sources */ = {isa = PBXBuildFile; fileRef = 990F7B06217205490075A04C /* RepairMissionDetailViewController.swift */; };
		990F7B092172068D0075A04C /* ListRoomInfoView.swift in Sources */ = {isa = PBXBuildFile; fileRef = 990F7B082172068D0075A04C /* ListRoomInfoView.swift */; };
		990F7B0B217226030075A04C /* RoomRuteCell.swift in Sources */ = {isa = PBXBuildFile; fileRef = 990F7B0A217226030075A04C /* RoomRuteCell.swift */; };
		990F7B0D21723B380075A04C /* RepairInfoTextView.swift in Sources */ = {isa = PBXBuildFile; fileRef = 990F7B0C21723B380075A04C /* RepairInfoTextView.swift */; };
		9921CE262160A2D3005DC836 /* Podfile in Resources */ = {isa = PBXBuildFile; fileRef = 9921CE252160A2D3005DC836 /* Podfile */; };
		9921CE2C2160AB37005DC836 /* PersonalViewController.swift in Sources */ = {isa = PBXBuildFile; fileRef = 9921CE2B2160AB37005DC836 /* PersonalViewController.swift */; };
		9921CE2E2160AB56005DC836 /* HomeViewController.swift in Sources */ = {isa = PBXBuildFile; fileRef = 9921CE2D2160AB56005DC836 /* HomeViewController.swift */; };
		9921CE302160AB70005DC836 /* UnTakeMissionViewController.swift in Sources */ = {isa = PBXBuildFile; fileRef = 9921CE2F2160AB70005DC836 /* UnTakeMissionViewController.swift */; };
		992349F02180A24300D92120 /* ZB_UploadImageItem.swift in Sources */ = {isa = PBXBuildFile; fileRef = 992349EF2180A24300D92120 /* ZB_UploadImageItem.swift */; };
		9923CBB0216B014100EDCA7A /* MainTabBarController.swift in Sources */ = {isa = PBXBuildFile; fileRef = 9923CBAF216B014100EDCA7A /* MainTabBarController.swift */; };
		9923CBB5216B56F900EDCA7A /* MissionCell.swift in Sources */ = {isa = PBXBuildFile; fileRef = 9923CBB4216B56F900EDCA7A /* MissionCell.swift */; };
		9932153521703F2100CAB18B /* LoginViewController.swift in Sources */ = {isa = PBXBuildFile; fileRef = 9932153321703F2100CAB18B /* LoginViewController.swift */; };
		9932153621703F2100CAB18B /* LoginViewController.xib in Resources */ = {isa = PBXBuildFile; fileRef = 9932153421703F2100CAB18B /* LoginViewController.xib */; };
		9936F3AD217F1F7F00642697 /* FeedbackListViewController.swift in Sources */ = {isa = PBXBuildFile; fileRef = 9936F3AC217F1F7F00642697 /* FeedbackListViewController.swift */; };
		9936F3AF217F20A400642697 /* FeedbackItemCell.swift in Sources */ = {isa = PBXBuildFile; fileRef = 9936F3AE217F20A400642697 /* FeedbackItemCell.swift */; };
		99425B552174648B00A18E45 /* CleanImageCell.swift in Sources */ = {isa = PBXBuildFile; fileRef = 99425B542174648B00A18E45 /* CleanImageCell.swift */; };
		99425B572174763300A18E45 /* ClaenCollectionHeaderView.swift in Sources */ = {isa = PBXBuildFile; fileRef = 99425B562174763300A18E45 /* ClaenCollectionHeaderView.swift */; };
		9944ABBE21735C6B00B4CB08 /* CleanPicUploadView.swift in Sources */ = {isa = PBXBuildFile; fileRef = 9944ABBD21735C6B00B4CB08 /* CleanPicUploadView.swift */; };
		9945A2B72178DB1200240437 /* MapViewController.swift in Sources */ = {isa = PBXBuildFile; fileRef = 9945A2B62178DB1200240437 /* MapViewController.swift */; };
		9945A2B92178DB2400240437 /* WebViewController.swift in Sources */ = {isa = PBXBuildFile; fileRef = 9945A2B82178DB2400240437 /* WebViewController.swift */; };
		9945BECF217705780001593F /* CertifApplyController.swift in Sources */ = {isa = PBXBuildFile; fileRef = 9945BECE217705780001593F /* CertifApplyController.swift */; };
		994EE460216DDC3700EB86DD /* MissionTypeTopBar.swift in Sources */ = {isa = PBXBuildFile; fileRef = 994EE45F216DDC3700EB86DD /* MissionTypeTopBar.swift */; };
		994EE463216DF6A300EB86DD /* ListChooseCell.swift in Sources */ = {isa = PBXBuildFile; fileRef = 994EE462216DF6A300EB86DD /* ListChooseCell.swift */; };
		994EE465216DF7F500EB86DD /* JHListChooseView.swift in Sources */ = {isa = PBXBuildFile; fileRef = 994EE464216DF7F500EB86DD /* JHListChooseView.swift */; };
		994F6321216C57640063044B /* Constants.swift in Sources */ = {isa = PBXBuildFile; fileRef = 994F6320216C57640063044B /* Constants.swift */; };
		994F633D216C78F20063044B /* UILabel+CZAddition.m in Sources */ = {isa = PBXBuildFile; fileRef = 994F6324216C78F10063044B /* UILabel+CZAddition.m */; };
		994F633E216C78F20063044B /* NSArray+Log.m in Sources */ = {isa = PBXBuildFile; fileRef = 994F6328216C78F10063044B /* NSArray+Log.m */; };
		994F633F216C78F20063044B /* UIButton+CZAddition.m in Sources */ = {isa = PBXBuildFile; fileRef = 994F632A216C78F10063044B /* UIButton+CZAddition.m */; };
		994F6340216C78F20063044B /* UIViewController+CZAddition.m in Sources */ = {isa = PBXBuildFile; fileRef = 994F632C216C78F10063044B /* UIViewController+CZAddition.m */; };
		994F6341216C78F20063044B /* NSString+CZBase64.m in Sources */ = {isa = PBXBuildFile; fileRef = 994F632E216C78F10063044B /* NSString+CZBase64.m */; };
		994F6342216C78F20063044B /* NSString+CZPath.m in Sources */ = {isa = PBXBuildFile; fileRef = 994F6331216C78F10063044B /* NSString+CZPath.m */; };
		994F6343216C78F20063044B /* UIView+CZAddition.m in Sources */ = {isa = PBXBuildFile; fileRef = 994F6332216C78F20063044B /* UIView+CZAddition.m */; };
		994F6344216C78F20063044B /* NSString+CZHash.m in Sources */ = {isa = PBXBuildFile; fileRef = 994F6334216C78F20063044B /* NSString+CZHash.m */; };
		994F6345216C78F20063044B /* NSAttributedString+CZAdditon.m in Sources */ = {isa = PBXBuildFile; fileRef = 994F6337216C78F20063044B /* NSAttributedString+CZAdditon.m */; };
		994F6346216C78F20063044B /* NSObject+CZRuntime.m in Sources */ = {isa = PBXBuildFile; fileRef = 994F6338216C78F20063044B /* NSObject+CZRuntime.m */; };
		994F6347216C78F20063044B /* UIScreen+CZAddition.m in Sources */ = {isa = PBXBuildFile; fileRef = 994F633A216C78F20063044B /* UIScreen+CZAddition.m */; };
		994F6348216C78F20063044B /* UIColor+CZAddition.m in Sources */ = {isa = PBXBuildFile; fileRef = 994F633C216C78F20063044B /* UIColor+CZAddition.m */; };
		994F634B216C822C0063044B /* StarView.swift in Sources */ = {isa = PBXBuildFile; fileRef = 994F634A216C822C0063044B /* StarView.swift */; };
		994F6355216C9C480063044B /* JHNavigationBar.swift in Sources */ = {isa = PBXBuildFile; fileRef = 994F6354216C9C480063044B /* JHNavigationBar.swift */; };
		99A8C46B21797CB5009509B8 /* SettingViewController.swift in Sources */ = {isa = PBXBuildFile; fileRef = 99A8C46A21797CB5009509B8 /* SettingViewController.swift */; };
		99C2C31E2177084A00C0B94A /* DemoViewController.swift in Sources */ = {isa = PBXBuildFile; fileRef = 99C2C31C2177084A00C0B94A /* DemoViewController.swift */; };
		99C2C31F2177084A00C0B94A /* DemoViewController.xib in Resources */ = {isa = PBXBuildFile; fileRef = 99C2C31D2177084A00C0B94A /* DemoViewController.xib */; };
		99C2C3212177109A00C0B94A /* JHDropdownView.swift in Sources */ = {isa = PBXBuildFile; fileRef = 99C2C3202177109A00C0B94A /* JHDropdownView.swift */; };
		99C2C32321772FAD00C0B94A /* QueFeedbackController.swift in Sources */ = {isa = PBXBuildFile; fileRef = 99C2C32221772FAD00C0B94A /* QueFeedbackController.swift */; };
		99C2C3252177390400C0B94A /* BankAccountController.swift in Sources */ = {isa = PBXBuildFile; fileRef = 99C2C3242177390400C0B94A /* BankAccountController.swift */; };
		99D104712179CD7700713884 /* ZB_User.swift in Sources */ = {isa = PBXBuildFile; fileRef = 99D104702179CD7700713884 /* ZB_User.swift */; };
		99D104742179CDE500713884 /* NetWorkManager.swift in Sources */ = {isa = PBXBuildFile; fileRef = 99D104732179CDE500713884 /* NetWorkManager.swift */; };
		99D556F821785996006C92A3 /* PersonalInfoController.swift in Sources */ = {isa = PBXBuildFile; fileRef = 99D556F721785996006C92A3 /* PersonalInfoController.swift */; };
		99D556FA21788A7E006C92A3 /* MissionSegmentBar.swift in Sources */ = {isa = PBXBuildFile; fileRef = 99D556F921788A7E006C92A3 /* MissionSegmentBar.swift */; };
		99D69A222175CCC400A5DC09 /* CommonMethod.m in Sources */ = {isa = PBXBuildFile; fileRef = 99D69A212175CCC400A5DC09 /* CommonMethod.m */; };
		99D69A242175E69400A5DC09 /* repairAddCell.swift in Sources */ = {isa = PBXBuildFile; fileRef = 99D69A232175E69400A5DC09 /* repairAddCell.swift */; };
		99D781AD217C6C1600611DE0 /* ZB_Task.swift in Sources */ = {isa = PBXBuildFile; fileRef = 99D781AC217C6C1600611DE0 /* ZB_Task.swift */; };
		99D781AF217C6F8A00611DE0 /* ZB_Photo.swift in Sources */ = {isa = PBXBuildFile; fileRef = 99D781AE217C6F8A00611DE0 /* ZB_Photo.swift */; };
		99D781B1217C707D00611DE0 /* ZB_TaskPhotoItem.swift in Sources */ = {isa = PBXBuildFile; fileRef = 99D781B0217C707D00611DE0 /* ZB_TaskPhotoItem.swift */; };
		99D781B3217C723100611DE0 /* ZB_TaskInfo.swift in Sources */ = {isa = PBXBuildFile; fileRef = 99D781B2217C723100611DE0 /* ZB_TaskInfo.swift */; };
		99D781B5217C724700611DE0 /* ZB_Address.swift in Sources */ = {isa = PBXBuildFile; fileRef = 99D781B4217C724700611DE0 /* ZB_Address.swift */; };
		99D781B7217C746E00611DE0 /* ZB_TaskProperty.swift in Sources */ = {isa = PBXBuildFile; fileRef = 99D781B6217C746E00611DE0 /* ZB_TaskProperty.swift */; };
		99D781B9217C77E900611DE0 /* ZB_TaskLog.swift in Sources */ = {isa = PBXBuildFile; fileRef = 99D781B8217C77E900611DE0 /* ZB_TaskLog.swift */; };
		99F1FD232174E12B002699FE /* RepairPicUploadView.swift in Sources */ = {isa = PBXBuildFile; fileRef = 99F1FD222174E12B002699FE /* RepairPicUploadView.swift */; };
		99F1FD252174E156002699FE /* RepairImageCell.swift in Sources */ = {isa = PBXBuildFile; fileRef = 99F1FD242174E156002699FE /* RepairImageCell.swift */; };
		99F1FD272174E17E002699FE /* RepairHeaderView.swift in Sources */ = {isa = PBXBuildFile; fileRef = 99F1FD262174E17E002699FE /* RepairHeaderView.swift */; };
		99F43AD721606EB400A84EBD /* AppDelegate.swift in Sources */ = {isa = PBXBuildFile; fileRef = 99F43AD621606EB400A84EBD /* AppDelegate.swift */; };
		99F43ADC21606EB400A84EBD /* Main.storyboard in Resources */ = {isa = PBXBuildFile; fileRef = 99F43ADA21606EB400A84EBD /* Main.storyboard */; };
		99F43ADE21606EB600A84EBD /* Assets.xcassets in Resources */ = {isa = PBXBuildFile; fileRef = 99F43ADD21606EB600A84EBD /* Assets.xcassets */; };
		99F43AE121606EB600A84EBD /* LaunchScreen.storyboard in Resources */ = {isa = PBXBuildFile; fileRef = 99F43ADF21606EB600A84EBD /* LaunchScreen.storyboard */; };
		ADB1322D217AED2A002B811B /* ZBUrl.swift in Sources */ = {isa = PBXBuildFile; fileRef = ADB1322C217AED2A002B811B /* ZBUrl.swift */; };
		DF5A20FCEA8F2510D0D85C15 /* Pods_ZBApp.framework in Frameworks */ = {isa = PBXBuildFile; fileRef = 8B6E88C85390293304321D12 /* Pods_ZBApp.framework */; };
/* End PBXBuildFile section */

/* Begin PBXFileReference section */
		233D6273A18A983E8E7A4B91 /* Pods-ZBApp.debug.xcconfig */ = {isa = PBXFileReference; includeInIndex = 1; lastKnownFileType = text.xcconfig; name = "Pods-ZBApp.debug.xcconfig"; path = "Pods/Target Support Files/Pods-ZBApp/Pods-ZBApp.debug.xcconfig"; sourceTree = "<group>"; };
		8B6E88C85390293304321D12 /* Pods_ZBApp.framework */ = {isa = PBXFileReference; explicitFileType = wrapper.framework; includeInIndex = 0; path = Pods_ZBApp.framework; sourceTree = BUILT_PRODUCTS_DIR; };
		99017C1221706C5700155724 /* RegisterViewController.swift */ = {isa = PBXFileReference; lastKnownFileType = sourcecode.swift; path = RegisterViewController.swift; sourceTree = "<group>"; };
		99017C1321706C5700155724 /* RegisterViewController.xib */ = {isa = PBXFileReference; lastKnownFileType = file.xib; path = RegisterViewController.xib; sourceTree = "<group>"; };
		99017C16217077CE00155724 /* ResetPasswordViewController.swift */ = {isa = PBXFileReference; lastKnownFileType = sourcecode.swift; path = ResetPasswordViewController.swift; sourceTree = "<group>"; };
		99017C17217077CE00155724 /* ResetPasswordViewController.xib */ = {isa = PBXFileReference; lastKnownFileType = file.xib; path = ResetPasswordViewController.xib; sourceTree = "<group>"; };
		99017C1C2170889500155724 /* CarryMissionDetailViewController.swift */ = {isa = PBXFileReference; lastKnownFileType = sourcecode.swift; path = CarryMissionDetailViewController.swift; sourceTree = "<group>"; };
		99017C1E217088AF00155724 /* MissionDetailBaseViewController.swift */ = {isa = PBXFileReference; lastKnownFileType = sourcecode.swift; path = MissionDetailBaseViewController.swift; sourceTree = "<group>"; };
		99017C2021708A6B00155724 /* MissionBaseInfoView.swift */ = {isa = PBXFileReference; lastKnownFileType = sourcecode.swift; path = MissionBaseInfoView.swift; sourceTree = "<group>"; };
		99017C222170A8E900155724 /* CarryMissionInfoView.swift */ = {isa = PBXFileReference; lastKnownFileType = sourcecode.swift; path = CarryMissionInfoView.swift; sourceTree = "<group>"; };
		9906B1592180C0700095E1DD /* HomeMissionCell.swift */ = {isa = PBXFileReference; lastKnownFileType = sourcecode.swift; path = HomeMissionCell.swift; sourceTree = "<group>"; };
		9906B15F2180C4BB0095E1DD /* en */ = {isa = PBXFileReference; lastKnownFileType = text.plist.strings; name = en; path = en.lproj/Localizable.strings; sourceTree = "<group>"; };
		9906B1612180C5320095E1DD /* zh-Hans */ = {isa = PBXFileReference; lastKnownFileType = text.plist.strings; name = "zh-Hans"; path = "zh-Hans.lproj/Localizable.strings"; sourceTree = "<group>"; };
		9906B1622180C55B0095E1DD /* ja */ = {isa = PBXFileReference; lastKnownFileType = text.plist.strings; name = ja; path = ja.lproj/Localizable.strings; sourceTree = "<group>"; };
		9906B1632180C6A80095E1DD /* LanguageHelper.swift */ = {isa = PBXFileReference; lastKnownFileType = sourcecode.swift; path = LanguageHelper.swift; sourceTree = "<group>"; };
		990F7AF3216FAF490075A04C /* CalendarBgView.swift */ = {isa = PBXFileReference; fileEncoding = 4; lastKnownFileType = sourcecode.swift; path = CalendarBgView.swift; sourceTree = "<group>"; };
		990F7AF52170ED560075A04C /* ViewCategory.swift */ = {isa = PBXFileReference; lastKnownFileType = sourcecode.swift; path = ViewCategory.swift; sourceTree = "<group>"; };
		990F7AFA217197C40075A04C /* CarryMissonImageAndFlieView.swift */ = {isa = PBXFileReference; lastKnownFileType = sourcecode.swift; path = CarryMissonImageAndFlieView.swift; sourceTree = "<group>"; };
		990F7AFC2171B3700075A04C /* FlieItem.swift */ = {isa = PBXFileReference; lastKnownFileType = sourcecode.swift; path = FlieItem.swift; sourceTree = "<group>"; };
		990F7AFE2171C5E80075A04C /* FeedbackView.swift */ = {isa = PBXFileReference; lastKnownFileType = sourcecode.swift; path = FeedbackView.swift; sourceTree = "<group>"; };
		990F7B002171D2010075A04C /* CheckView.swift */ = {isa = PBXFileReference; lastKnownFileType = sourcecode.swift; path = CheckView.swift; sourceTree = "<group>"; };
		990F7B022171D8D80075A04C /* CleanMissionDetailViewController.swift */ = {isa = PBXFileReference; lastKnownFileType = sourcecode.swift; path = CleanMissionDetailViewController.swift; sourceTree = "<group>"; };
		990F7B042171DA570075A04C /* RoomInfoView.swift */ = {isa = PBXFileReference; lastKnownFileType = sourcecode.swift; path = RoomInfoView.swift; sourceTree = "<group>"; };
		990F7B06217205490075A04C /* RepairMissionDetailViewController.swift */ = {isa = PBXFileReference; lastKnownFileType = sourcecode.swift; path = RepairMissionDetailViewController.swift; sourceTree = "<group>"; };
		990F7B082172068D0075A04C /* ListRoomInfoView.swift */ = {isa = PBXFileReference; lastKnownFileType = sourcecode.swift; path = ListRoomInfoView.swift; sourceTree = "<group>"; };
		990F7B0A217226030075A04C /* RoomRuteCell.swift */ = {isa = PBXFileReference; lastKnownFileType = sourcecode.swift; path = RoomRuteCell.swift; sourceTree = "<group>"; };
		990F7B0C21723B380075A04C /* RepairInfoTextView.swift */ = {isa = PBXFileReference; lastKnownFileType = sourcecode.swift; path = RepairInfoTextView.swift; sourceTree = "<group>"; };
		9921CE252160A2D3005DC836 /* Podfile */ = {isa = PBXFileReference; fileEncoding = 4; lastKnownFileType = text; path = Podfile; sourceTree = SOURCE_ROOT; xcLanguageSpecificationIdentifier = xcode.lang.ruby; };
		9921CE2B2160AB37005DC836 /* PersonalViewController.swift */ = {isa = PBXFileReference; lastKnownFileType = sourcecode.swift; path = PersonalViewController.swift; sourceTree = "<group>"; };
		9921CE2D2160AB56005DC836 /* HomeViewController.swift */ = {isa = PBXFileReference; lastKnownFileType = sourcecode.swift; path = HomeViewController.swift; sourceTree = "<group>"; };
		9921CE2F2160AB70005DC836 /* UnTakeMissionViewController.swift */ = {isa = PBXFileReference; lastKnownFileType = sourcecode.swift; path = UnTakeMissionViewController.swift; sourceTree = "<group>"; };
		992349EF2180A24300D92120 /* ZB_UploadImageItem.swift */ = {isa = PBXFileReference; lastKnownFileType = sourcecode.swift; path = ZB_UploadImageItem.swift; sourceTree = "<group>"; };
		9923CBAF216B014100EDCA7A /* MainTabBarController.swift */ = {isa = PBXFileReference; lastKnownFileType = sourcecode.swift; path = MainTabBarController.swift; sourceTree = "<group>"; };
		9923CBB4216B56F900EDCA7A /* MissionCell.swift */ = {isa = PBXFileReference; lastKnownFileType = sourcecode.swift; path = MissionCell.swift; sourceTree = "<group>"; };
		9932153321703F2100CAB18B /* LoginViewController.swift */ = {isa = PBXFileReference; lastKnownFileType = sourcecode.swift; path = LoginViewController.swift; sourceTree = "<group>"; };
		9932153421703F2100CAB18B /* LoginViewController.xib */ = {isa = PBXFileReference; lastKnownFileType = file.xib; path = LoginViewController.xib; sourceTree = "<group>"; };
		9936F3AC217F1F7F00642697 /* FeedbackListViewController.swift */ = {isa = PBXFileReference; lastKnownFileType = sourcecode.swift; path = FeedbackListViewController.swift; sourceTree = "<group>"; };
		9936F3AE217F20A400642697 /* FeedbackItemCell.swift */ = {isa = PBXFileReference; lastKnownFileType = sourcecode.swift; path = FeedbackItemCell.swift; sourceTree = "<group>"; };
		99425B542174648B00A18E45 /* CleanImageCell.swift */ = {isa = PBXFileReference; lastKnownFileType = sourcecode.swift; path = CleanImageCell.swift; sourceTree = "<group>"; };
		99425B562174763300A18E45 /* ClaenCollectionHeaderView.swift */ = {isa = PBXFileReference; lastKnownFileType = sourcecode.swift; path = ClaenCollectionHeaderView.swift; sourceTree = "<group>"; };
		9944ABBD21735C6B00B4CB08 /* CleanPicUploadView.swift */ = {isa = PBXFileReference; lastKnownFileType = sourcecode.swift; path = CleanPicUploadView.swift; sourceTree = "<group>"; };
		9945A2B62178DB1200240437 /* MapViewController.swift */ = {isa = PBXFileReference; lastKnownFileType = sourcecode.swift; path = MapViewController.swift; sourceTree = "<group>"; };
		9945A2B82178DB2400240437 /* WebViewController.swift */ = {isa = PBXFileReference; lastKnownFileType = sourcecode.swift; path = WebViewController.swift; sourceTree = "<group>"; };
		9945BECE217705780001593F /* CertifApplyController.swift */ = {isa = PBXFileReference; lastKnownFileType = sourcecode.swift; path = CertifApplyController.swift; sourceTree = "<group>"; };
		994EE45F216DDC3700EB86DD /* MissionTypeTopBar.swift */ = {isa = PBXFileReference; lastKnownFileType = sourcecode.swift; path = MissionTypeTopBar.swift; sourceTree = "<group>"; };
		994EE462216DF6A300EB86DD /* ListChooseCell.swift */ = {isa = PBXFileReference; lastKnownFileType = sourcecode.swift; path = ListChooseCell.swift; sourceTree = "<group>"; };
		994EE464216DF7F500EB86DD /* JHListChooseView.swift */ = {isa = PBXFileReference; lastKnownFileType = sourcecode.swift; path = JHListChooseView.swift; sourceTree = "<group>"; };
		994F6320216C57640063044B /* Constants.swift */ = {isa = PBXFileReference; lastKnownFileType = sourcecode.swift; path = Constants.swift; sourceTree = "<group>"; };
		994F6324216C78F10063044B /* UILabel+CZAddition.m */ = {isa = PBXFileReference; fileEncoding = 4; lastKnownFileType = sourcecode.c.objc; path = "UILabel+CZAddition.m"; sourceTree = "<group>"; };
		994F6325216C78F10063044B /* UIButton+CZAddition.h */ = {isa = PBXFileReference; fileEncoding = 4; lastKnownFileType = sourcecode.c.h; path = "UIButton+CZAddition.h"; sourceTree = "<group>"; };
		994F6326216C78F10063044B /* NSAttributedString+CZAdditon.h */ = {isa = PBXFileReference; fileEncoding = 4; lastKnownFileType = sourcecode.c.h; path = "NSAttributedString+CZAdditon.h"; sourceTree = "<group>"; };
		994F6327216C78F10063044B /* NSString+CZBase64.h */ = {isa = PBXFileReference; fileEncoding = 4; lastKnownFileType = sourcecode.c.h; path = "NSString+CZBase64.h"; sourceTree = "<group>"; };
		994F6328216C78F10063044B /* NSArray+Log.m */ = {isa = PBXFileReference; fileEncoding = 4; lastKnownFileType = sourcecode.c.objc; path = "NSArray+Log.m"; sourceTree = "<group>"; };
		994F6329216C78F10063044B /* UILabel+CZAddition.h */ = {isa = PBXFileReference; fileEncoding = 4; lastKnownFileType = sourcecode.c.h; path = "UILabel+CZAddition.h"; sourceTree = "<group>"; };
		994F632A216C78F10063044B /* UIButton+CZAddition.m */ = {isa = PBXFileReference; fileEncoding = 4; lastKnownFileType = sourcecode.c.objc; path = "UIButton+CZAddition.m"; sourceTree = "<group>"; };
		994F632B216C78F10063044B /* CZAdditions.h */ = {isa = PBXFileReference; fileEncoding = 4; lastKnownFileType = sourcecode.c.h; path = CZAdditions.h; sourceTree = "<group>"; };
		994F632C216C78F10063044B /* UIViewController+CZAddition.m */ = {isa = PBXFileReference; fileEncoding = 4; lastKnownFileType = sourcecode.c.objc; path = "UIViewController+CZAddition.m"; sourceTree = "<group>"; };
		994F632D216C78F10063044B /* UIViewController+CZAddition.h */ = {isa = PBXFileReference; fileEncoding = 4; lastKnownFileType = sourcecode.c.h; path = "UIViewController+CZAddition.h"; sourceTree = "<group>"; };
		994F632E216C78F10063044B /* NSString+CZBase64.m */ = {isa = PBXFileReference; fileEncoding = 4; lastKnownFileType = sourcecode.c.objc; path = "NSString+CZBase64.m"; sourceTree = "<group>"; };
		994F632F216C78F10063044B /* NSArray+Log.h */ = {isa = PBXFileReference; fileEncoding = 4; lastKnownFileType = sourcecode.c.h; path = "NSArray+Log.h"; sourceTree = "<group>"; };
		994F6330216C78F10063044B /* UIView+CZAddition.h */ = {isa = PBXFileReference; fileEncoding = 4; lastKnownFileType = sourcecode.c.h; path = "UIView+CZAddition.h"; sourceTree = "<group>"; };
		994F6331216C78F10063044B /* NSString+CZPath.m */ = {isa = PBXFileReference; fileEncoding = 4; lastKnownFileType = sourcecode.c.objc; path = "NSString+CZPath.m"; sourceTree = "<group>"; };
		994F6332216C78F20063044B /* UIView+CZAddition.m */ = {isa = PBXFileReference; fileEncoding = 4; lastKnownFileType = sourcecode.c.objc; path = "UIView+CZAddition.m"; sourceTree = "<group>"; };
		994F6333216C78F20063044B /* NSObject+CZRuntime.h */ = {isa = PBXFileReference; fileEncoding = 4; lastKnownFileType = sourcecode.c.h; path = "NSObject+CZRuntime.h"; sourceTree = "<group>"; };
		994F6334216C78F20063044B /* NSString+CZHash.m */ = {isa = PBXFileReference; fileEncoding = 4; lastKnownFileType = sourcecode.c.objc; path = "NSString+CZHash.m"; sourceTree = "<group>"; };
		994F6335216C78F20063044B /* UIScreen+CZAddition.h */ = {isa = PBXFileReference; fileEncoding = 4; lastKnownFileType = sourcecode.c.h; path = "UIScreen+CZAddition.h"; sourceTree = "<group>"; };
		994F6336216C78F20063044B /* NSString+CZPath.h */ = {isa = PBXFileReference; fileEncoding = 4; lastKnownFileType = sourcecode.c.h; path = "NSString+CZPath.h"; sourceTree = "<group>"; };
		994F6337216C78F20063044B /* NSAttributedString+CZAdditon.m */ = {isa = PBXFileReference; fileEncoding = 4; lastKnownFileType = sourcecode.c.objc; path = "NSAttributedString+CZAdditon.m"; sourceTree = "<group>"; };
		994F6338216C78F20063044B /* NSObject+CZRuntime.m */ = {isa = PBXFileReference; fileEncoding = 4; lastKnownFileType = sourcecode.c.objc; path = "NSObject+CZRuntime.m"; sourceTree = "<group>"; };
		994F6339216C78F20063044B /* UIColor+CZAddition.h */ = {isa = PBXFileReference; fileEncoding = 4; lastKnownFileType = sourcecode.c.h; path = "UIColor+CZAddition.h"; sourceTree = "<group>"; };
		994F633A216C78F20063044B /* UIScreen+CZAddition.m */ = {isa = PBXFileReference; fileEncoding = 4; lastKnownFileType = sourcecode.c.objc; path = "UIScreen+CZAddition.m"; sourceTree = "<group>"; };
		994F633B216C78F20063044B /* NSString+CZHash.h */ = {isa = PBXFileReference; fileEncoding = 4; lastKnownFileType = sourcecode.c.h; path = "NSString+CZHash.h"; sourceTree = "<group>"; };
		994F633C216C78F20063044B /* UIColor+CZAddition.m */ = {isa = PBXFileReference; fileEncoding = 4; lastKnownFileType = sourcecode.c.objc; path = "UIColor+CZAddition.m"; sourceTree = "<group>"; };
		994F6349216C7ADA0063044B /* ZBApp_Bridge.h */ = {isa = PBXFileReference; lastKnownFileType = sourcecode.c.h; path = ZBApp_Bridge.h; sourceTree = "<group>"; };
		994F634A216C822C0063044B /* StarView.swift */ = {isa = PBXFileReference; lastKnownFileType = sourcecode.swift; path = StarView.swift; sourceTree = "<group>"; };
		994F6354216C9C480063044B /* JHNavigationBar.swift */ = {isa = PBXFileReference; lastKnownFileType = sourcecode.swift; path = JHNavigationBar.swift; sourceTree = "<group>"; };
		99A8C46A21797CB5009509B8 /* SettingViewController.swift */ = {isa = PBXFileReference; lastKnownFileType = sourcecode.swift; path = SettingViewController.swift; sourceTree = "<group>"; };
		99C2C31C2177084A00C0B94A /* DemoViewController.swift */ = {isa = PBXFileReference; lastKnownFileType = sourcecode.swift; path = DemoViewController.swift; sourceTree = "<group>"; };
		99C2C31D2177084A00C0B94A /* DemoViewController.xib */ = {isa = PBXFileReference; lastKnownFileType = file.xib; path = DemoViewController.xib; sourceTree = "<group>"; };
		99C2C3202177109A00C0B94A /* JHDropdownView.swift */ = {isa = PBXFileReference; lastKnownFileType = sourcecode.swift; path = JHDropdownView.swift; sourceTree = "<group>"; };
		99C2C32221772FAD00C0B94A /* QueFeedbackController.swift */ = {isa = PBXFileReference; lastKnownFileType = sourcecode.swift; path = QueFeedbackController.swift; sourceTree = "<group>"; };
		99C2C3242177390400C0B94A /* BankAccountController.swift */ = {isa = PBXFileReference; lastKnownFileType = sourcecode.swift; path = BankAccountController.swift; sourceTree = "<group>"; };
		99D104702179CD7700713884 /* ZB_User.swift */ = {isa = PBXFileReference; lastKnownFileType = sourcecode.swift; path = ZB_User.swift; sourceTree = "<group>"; };
		99D104732179CDE500713884 /* NetWorkManager.swift */ = {isa = PBXFileReference; lastKnownFileType = sourcecode.swift; path = NetWorkManager.swift; sourceTree = "<group>"; };
		99D556F721785996006C92A3 /* PersonalInfoController.swift */ = {isa = PBXFileReference; lastKnownFileType = sourcecode.swift; path = PersonalInfoController.swift; sourceTree = "<group>"; };
		99D556F921788A7E006C92A3 /* MissionSegmentBar.swift */ = {isa = PBXFileReference; lastKnownFileType = sourcecode.swift; path = MissionSegmentBar.swift; sourceTree = "<group>"; };
		99D69A202175CCC400A5DC09 /* CommonMethod.h */ = {isa = PBXFileReference; lastKnownFileType = sourcecode.c.h; path = CommonMethod.h; sourceTree = "<group>"; };
		99D69A212175CCC400A5DC09 /* CommonMethod.m */ = {isa = PBXFileReference; lastKnownFileType = sourcecode.c.objc; path = CommonMethod.m; sourceTree = "<group>"; };
		99D69A232175E69400A5DC09 /* repairAddCell.swift */ = {isa = PBXFileReference; lastKnownFileType = sourcecode.swift; path = repairAddCell.swift; sourceTree = "<group>"; };
		99D781AC217C6C1600611DE0 /* ZB_Task.swift */ = {isa = PBXFileReference; lastKnownFileType = sourcecode.swift; path = ZB_Task.swift; sourceTree = "<group>"; };
		99D781AE217C6F8A00611DE0 /* ZB_Photo.swift */ = {isa = PBXFileReference; lastKnownFileType = sourcecode.swift; path = ZB_Photo.swift; sourceTree = "<group>"; };
		99D781B0217C707D00611DE0 /* ZB_TaskPhotoItem.swift */ = {isa = PBXFileReference; lastKnownFileType = sourcecode.swift; path = ZB_TaskPhotoItem.swift; sourceTree = "<group>"; };
		99D781B2217C723100611DE0 /* ZB_TaskInfo.swift */ = {isa = PBXFileReference; lastKnownFileType = sourcecode.swift; path = ZB_TaskInfo.swift; sourceTree = "<group>"; };
		99D781B4217C724700611DE0 /* ZB_Address.swift */ = {isa = PBXFileReference; lastKnownFileType = sourcecode.swift; path = ZB_Address.swift; sourceTree = "<group>"; };
		99D781B6217C746E00611DE0 /* ZB_TaskProperty.swift */ = {isa = PBXFileReference; lastKnownFileType = sourcecode.swift; path = ZB_TaskProperty.swift; sourceTree = "<group>"; };
		99D781B8217C77E900611DE0 /* ZB_TaskLog.swift */ = {isa = PBXFileReference; lastKnownFileType = sourcecode.swift; path = ZB_TaskLog.swift; sourceTree = "<group>"; };
		99F1FD222174E12B002699FE /* RepairPicUploadView.swift */ = {isa = PBXFileReference; lastKnownFileType = sourcecode.swift; path = RepairPicUploadView.swift; sourceTree = "<group>"; };
		99F1FD242174E156002699FE /* RepairImageCell.swift */ = {isa = PBXFileReference; lastKnownFileType = sourcecode.swift; path = RepairImageCell.swift; sourceTree = "<group>"; };
		99F1FD262174E17E002699FE /* RepairHeaderView.swift */ = {isa = PBXFileReference; lastKnownFileType = sourcecode.swift; path = RepairHeaderView.swift; sourceTree = "<group>"; };
		99F43AD321606EB400A84EBD /* ZBApp.app */ = {isa = PBXFileReference; explicitFileType = wrapper.application; includeInIndex = 0; path = ZBApp.app; sourceTree = BUILT_PRODUCTS_DIR; };
		99F43AD621606EB400A84EBD /* AppDelegate.swift */ = {isa = PBXFileReference; lastKnownFileType = sourcecode.swift; path = AppDelegate.swift; sourceTree = "<group>"; };
		99F43ADB21606EB400A84EBD /* Base */ = {isa = PBXFileReference; lastKnownFileType = file.storyboard; name = Base; path = Base.lproj/Main.storyboard; sourceTree = "<group>"; };
		99F43ADD21606EB600A84EBD /* Assets.xcassets */ = {isa = PBXFileReference; lastKnownFileType = folder.assetcatalog; path = Assets.xcassets; sourceTree = "<group>"; };
		99F43AE021606EB600A84EBD /* Base */ = {isa = PBXFileReference; lastKnownFileType = file.storyboard; name = Base; path = Base.lproj/LaunchScreen.storyboard; sourceTree = "<group>"; };
		99F43AE221606EB600A84EBD /* Info.plist */ = {isa = PBXFileReference; lastKnownFileType = text.plist.xml; path = Info.plist; sourceTree = "<group>"; };
		ADB1322C217AED2A002B811B /* ZBUrl.swift */ = {isa = PBXFileReference; lastKnownFileType = sourcecode.swift; path = ZBUrl.swift; sourceTree = "<group>"; };
		DA329A7677E706280A3A015B /* Pods-ZBApp.release.xcconfig */ = {isa = PBXFileReference; includeInIndex = 1; lastKnownFileType = text.xcconfig; name = "Pods-ZBApp.release.xcconfig"; path = "Pods/Target Support Files/Pods-ZBApp/Pods-ZBApp.release.xcconfig"; sourceTree = "<group>"; };
/* End PBXFileReference section */

/* Begin PBXFrameworksBuildPhase section */
		99F43AD021606EB400A84EBD /* Frameworks */ = {
			isa = PBXFrameworksBuildPhase;
			buildActionMask = 2147483647;
			files = (
				DF5A20FCEA8F2510D0D85C15 /* Pods_ZBApp.framework in Frameworks */,
			);
			runOnlyForDeploymentPostprocessing = 0;
		};
/* End PBXFrameworksBuildPhase section */

/* Begin PBXGroup section */
		0D4BFDB6C4D5DC46DAD9F42C /* Pods */ = {
			isa = PBXGroup;
			children = (
				233D6273A18A983E8E7A4B91 /* Pods-ZBApp.debug.xcconfig */,
				DA329A7677E706280A3A015B /* Pods-ZBApp.release.xcconfig */,
			);
			name = Pods;
			sourceTree = "<group>";
		};
		9906B15B2180C3F70095E1DD /* 国际化 */ = {
			isa = PBXGroup;
			children = (
				9906B1602180C4BB0095E1DD /* Localizable.strings */,
			);
			path = "国际化";
			sourceTree = "<group>";
		};
		9921CE272160A39F005DC836 /* Mine */ = {
			isa = PBXGroup;
			children = (
				9921CE2B2160AB37005DC836 /* PersonalViewController.swift */,
				99C2C3242177390400C0B94A /* BankAccountController.swift */,
				99D556F721785996006C92A3 /* PersonalInfoController.swift */,
				99A8C46A21797CB5009509B8 /* SettingViewController.swift */,
			);
			path = Mine;
			sourceTree = "<group>";
		};
		9921CE282160A3A9005DC836 /* Mission */ = {
			isa = PBXGroup;
			children = (
				9921CE2F2160AB70005DC836 /* UnTakeMissionViewController.swift */,
				99017C1E217088AF00155724 /* MissionDetailBaseViewController.swift */,
				99017C1C2170889500155724 /* CarryMissionDetailViewController.swift */,
				990F7B022171D8D80075A04C /* CleanMissionDetailViewController.swift */,
				990F7B06217205490075A04C /* RepairMissionDetailViewController.swift */,
				99C2C32221772FAD00C0B94A /* QueFeedbackController.swift */,
				9936F3AC217F1F7F00642697 /* FeedbackListViewController.swift */,
			);
			path = Mission;
			sourceTree = "<group>";
		};
		9921CE292160A422005DC836 /* Home */ = {
			isa = PBXGroup;
			children = (
				9921CE2D2160AB56005DC836 /* HomeViewController.swift */,
				9945A2B62178DB1200240437 /* MapViewController.swift */,
				9945A2B82178DB2400240437 /* WebViewController.swift */,
			);
			path = Home;
			sourceTree = "<group>";
		};
		9921CE2A2160A4CA005DC836 /* Other */ = {
			isa = PBXGroup;
			children = (
				9906B15B2180C3F70095E1DD /* 国际化 */,
				99F43ADF21606EB600A84EBD /* LaunchScreen.storyboard */,
				99F43ADA21606EB400A84EBD /* Main.storyboard */,
				9923CBAF216B014100EDCA7A /* MainTabBarController.swift */,
				99F43AD621606EB400A84EBD /* AppDelegate.swift */,
				99C2C31C2177084A00C0B94A /* DemoViewController.swift */,
				99C2C31D2177084A00C0B94A /* DemoViewController.xib */,
			);
			path = Other;
			sourceTree = "<group>";
		};
		9932153021703ED100CAB18B /* Login */ = {
			isa = PBXGroup;
			children = (
				9932153321703F2100CAB18B /* LoginViewController.swift */,
				9932153421703F2100CAB18B /* LoginViewController.xib */,
				99017C1221706C5700155724 /* RegisterViewController.swift */,
				99017C1321706C5700155724 /* RegisterViewController.xib */,
				99017C16217077CE00155724 /* ResetPasswordViewController.swift */,
				99017C17217077CE00155724 /* ResetPasswordViewController.xib */,
				9945BECE217705780001593F /* CertifApplyController.swift */,
			);
			path = Login;
			sourceTree = "<group>";
		};
		994EE461216DEDDE00EB86DD /* JHListChooseView */ = {
			isa = PBXGroup;
			children = (
				994EE462216DF6A300EB86DD /* ListChooseCell.swift */,
				994EE464216DF7F500EB86DD /* JHListChooseView.swift */,
				99C2C3202177109A00C0B94A /* JHDropdownView.swift */,
			);
			path = JHListChooseView;
			sourceTree = "<group>";
		};
		994F631B216C55FA0063044B /* Controller */ = {
			isa = PBXGroup;
			children = (
				9932153021703ED100CAB18B /* Login */,
				9921CE292160A422005DC836 /* Home */,
				9921CE272160A39F005DC836 /* Mine */,
				9921CE282160A3A9005DC836 /* Mission */,
			);
			path = Controller;
			sourceTree = "<group>";
		};
		994F631C216C56470063044B /* View */ = {
			isa = PBXGroup;
			children = (
				9923CBB4216B56F900EDCA7A /* MissionCell.swift */,
				9906B1592180C0700095E1DD /* HomeMissionCell.swift */,
				994F634A216C822C0063044B /* StarView.swift */,
				994F6354216C9C480063044B /* JHNavigationBar.swift */,
				994EE45F216DDC3700EB86DD /* MissionTypeTopBar.swift */,
				990F7AF3216FAF490075A04C /* CalendarBgView.swift */,
				99017C2021708A6B00155724 /* MissionBaseInfoView.swift */,
				99017C222170A8E900155724 /* CarryMissionInfoView.swift */,
				990F7AFA217197C40075A04C /* CarryMissonImageAndFlieView.swift */,
				990F7AFE2171C5E80075A04C /* FeedbackView.swift */,
				990F7B002171D2010075A04C /* CheckView.swift */,
				990F7B042171DA570075A04C /* RoomInfoView.swift */,
				990F7B082172068D0075A04C /* ListRoomInfoView.swift */,
				990F7B0A217226030075A04C /* RoomRuteCell.swift */,
				990F7B0C21723B380075A04C /* RepairInfoTextView.swift */,
				990F7AFC2171B3700075A04C /* FlieItem.swift */,
				9944ABBD21735C6B00B4CB08 /* CleanPicUploadView.swift */,
				99425B542174648B00A18E45 /* CleanImageCell.swift */,
				99425B562174763300A18E45 /* ClaenCollectionHeaderView.swift */,
				99F1FD222174E12B002699FE /* RepairPicUploadView.swift */,
				99F1FD262174E17E002699FE /* RepairHeaderView.swift */,
				99F1FD242174E156002699FE /* RepairImageCell.swift */,
				99D69A232175E69400A5DC09 /* repairAddCell.swift */,
				99D556F921788A7E006C92A3 /* MissionSegmentBar.swift */,
				9936F3AE217F20A400642697 /* FeedbackItemCell.swift */,
				994EE461216DEDDE00EB86DD /* JHListChooseView */,
			);
			path = View;
			sourceTree = "<group>";
		};
		994F631E216C56CE0063044B /* Tools */ = {
			isa = PBXGroup;
			children = (
				99D104722179CDD300713884 /* Network */,
				994F6322216C78080063044B /* Additions */,
				994F631F216C57110063044B /* Common */,
			);
			path = Tools;
			sourceTree = "<group>";
		};
		994F631F216C57110063044B /* Common */ = {
			isa = PBXGroup;
			children = (
				994F6320216C57640063044B /* Constants.swift */,
				990F7AF52170ED560075A04C /* ViewCategory.swift */,
				9906B1632180C6A80095E1DD /* LanguageHelper.swift */,
			);
			path = Common;
			sourceTree = "<group>";
		};
		994F6322216C78080063044B /* Additions */ = {
			isa = PBXGroup;
			children = (
				994F632B216C78F10063044B /* CZAdditions.h */,
				994F632F216C78F10063044B /* NSArray+Log.h */,
				994F6328216C78F10063044B /* NSArray+Log.m */,
				994F6326216C78F10063044B /* NSAttributedString+CZAdditon.h */,
				994F6337216C78F20063044B /* NSAttributedString+CZAdditon.m */,
				994F6333216C78F20063044B /* NSObject+CZRuntime.h */,
				994F6338216C78F20063044B /* NSObject+CZRuntime.m */,
				994F6327216C78F10063044B /* NSString+CZBase64.h */,
				994F632E216C78F10063044B /* NSString+CZBase64.m */,
				994F633B216C78F20063044B /* NSString+CZHash.h */,
				994F6334216C78F20063044B /* NSString+CZHash.m */,
				994F6336216C78F20063044B /* NSString+CZPath.h */,
				994F6331216C78F10063044B /* NSString+CZPath.m */,
				994F6325216C78F10063044B /* UIButton+CZAddition.h */,
				994F632A216C78F10063044B /* UIButton+CZAddition.m */,
				994F6339216C78F20063044B /* UIColor+CZAddition.h */,
				994F633C216C78F20063044B /* UIColor+CZAddition.m */,
				994F6329216C78F10063044B /* UILabel+CZAddition.h */,
				994F6324216C78F10063044B /* UILabel+CZAddition.m */,
				994F6335216C78F20063044B /* UIScreen+CZAddition.h */,
				994F633A216C78F20063044B /* UIScreen+CZAddition.m */,
				994F6330216C78F10063044B /* UIView+CZAddition.h */,
				994F6332216C78F20063044B /* UIView+CZAddition.m */,
				994F632D216C78F10063044B /* UIViewController+CZAddition.h */,
				994F632C216C78F10063044B /* UIViewController+CZAddition.m */,
				99D69A202175CCC400A5DC09 /* CommonMethod.h */,
				99D69A212175CCC400A5DC09 /* CommonMethod.m */,
			);
			path = Additions;
			sourceTree = "<group>";
		};
		99D1046F2179CD4A00713884 /* Model */ = {
			isa = PBXGroup;
			children = (
				99D104702179CD7700713884 /* ZB_User.swift */,
				99D781AC217C6C1600611DE0 /* ZB_Task.swift */,
				99D781B0217C707D00611DE0 /* ZB_TaskPhotoItem.swift */,
				992349EF2180A24300D92120 /* ZB_UploadImageItem.swift */,
				99D781AE217C6F8A00611DE0 /* ZB_Photo.swift */,
				99D781B2217C723100611DE0 /* ZB_TaskInfo.swift */,
				99D781B4217C724700611DE0 /* ZB_Address.swift */,
				99D781B6217C746E00611DE0 /* ZB_TaskProperty.swift */,
				99D781B8217C77E900611DE0 /* ZB_TaskLog.swift */,
			);
			path = Model;
			sourceTree = "<group>";
		};
		99D104722179CDD300713884 /* Network */ = {
			isa = PBXGroup;
			children = (
				99D104732179CDE500713884 /* NetWorkManager.swift */,
				ADB1322C217AED2A002B811B /* ZBUrl.swift */,
			);
			path = Network;
			sourceTree = "<group>";
		};
		99F43ACA21606EB400A84EBD = {
			isa = PBXGroup;
			children = (
				99F43AD521606EB400A84EBD /* ZBApp */,
				99F43AD421606EB400A84EBD /* Products */,
				0D4BFDB6C4D5DC46DAD9F42C /* Pods */,
				AD8D02648115DCF538578451 /* Frameworks */,
			);
			sourceTree = "<group>";
		};
		99F43AD421606EB400A84EBD /* Products */ = {
			isa = PBXGroup;
			children = (
				99F43AD321606EB400A84EBD /* ZBApp.app */,
			);
			name = Products;
			sourceTree = "<group>";
		};
		99F43AD521606EB400A84EBD /* ZBApp */ = {
			isa = PBXGroup;
			children = (
				99D1046F2179CD4A00713884 /* Model */,
				994F631B216C55FA0063044B /* Controller */,
				994F631C216C56470063044B /* View */,
				994F631E216C56CE0063044B /* Tools */,
				9921CE2A2160A4CA005DC836 /* Other */,
				99F43ADD21606EB600A84EBD /* Assets.xcassets */,
				99F43AE221606EB600A84EBD /* Info.plist */,
				994F6349216C7ADA0063044B /* ZBApp_Bridge.h */,
				9921CE252160A2D3005DC836 /* Podfile */,
			);
			path = ZBApp;
			sourceTree = "<group>";
		};
		AD8D02648115DCF538578451 /* Frameworks */ = {
			isa = PBXGroup;
			children = (
				8B6E88C85390293304321D12 /* Pods_ZBApp.framework */,
			);
			name = Frameworks;
			sourceTree = "<group>";
		};
/* End PBXGroup section */

/* Begin PBXNativeTarget section */
		99F43AD221606EB400A84EBD /* ZBApp */ = {
			isa = PBXNativeTarget;
			buildConfigurationList = 99F43AE521606EB600A84EBD /* Build configuration list for PBXNativeTarget "ZBApp" */;
			buildPhases = (
				BB95E20B254D3ED25964B6CA /* [CP] Check Pods Manifest.lock */,
				99F43ACF21606EB400A84EBD /* Sources */,
				99F43AD021606EB400A84EBD /* Frameworks */,
				99F43AD121606EB400A84EBD /* Resources */,
				C43C5B0AF4FD8DF8307EDDED /* [CP] Embed Pods Frameworks */,
				7244C8D32A5ACC8330F0DC2F /* [CP] Copy Pods Resources */,
			);
			buildRules = (
			);
			dependencies = (
			);
			name = ZBApp;
			productName = ZBApp;
			productReference = 99F43AD321606EB400A84EBD /* ZBApp.app */;
			productType = "com.apple.product-type.application";
		};
/* End PBXNativeTarget section */

/* Begin PBXProject section */
		99F43ACB21606EB400A84EBD /* Project object */ = {
			isa = PBXProject;
			attributes = {
				LastSwiftUpdateCheck = 1000;
				LastUpgradeCheck = 1000;
				ORGANIZATIONNAME = ParentsChat;
				TargetAttributes = {
					99F43AD221606EB400A84EBD = {
						CreatedOnToolsVersion = 10.0;
						LastSwiftMigration = 1000;
					};
				};
			};
			buildConfigurationList = 99F43ACE21606EB400A84EBD /* Build configuration list for PBXProject "ZBApp" */;
			compatibilityVersion = "Xcode 9.3";
			developmentRegion = en;
			hasScannedForEncodings = 0;
			knownRegions = (
				en,
				Base,
				"zh-Hans",
				ja,
			);
			mainGroup = 99F43ACA21606EB400A84EBD;
			productRefGroup = 99F43AD421606EB400A84EBD /* Products */;
			projectDirPath = "";
			projectRoot = "";
			targets = (
				99F43AD221606EB400A84EBD /* ZBApp */,
			);
		};
/* End PBXProject section */

/* Begin PBXResourcesBuildPhase section */
		99F43AD121606EB400A84EBD /* Resources */ = {
			isa = PBXResourcesBuildPhase;
			buildActionMask = 2147483647;
			files = (
				9932153621703F2100CAB18B /* LoginViewController.xib in Resources */,
				99F43AE121606EB600A84EBD /* LaunchScreen.storyboard in Resources */,
				99017C19217077CE00155724 /* ResetPasswordViewController.xib in Resources */,
				99C2C31F2177084A00C0B94A /* DemoViewController.xib in Resources */,
				9906B15E2180C4BB0095E1DD /* Localizable.strings in Resources */,
				99F43ADE21606EB600A84EBD /* Assets.xcassets in Resources */,
				9921CE262160A2D3005DC836 /* Podfile in Resources */,
				99F43ADC21606EB400A84EBD /* Main.storyboard in Resources */,
				99017C1521706C5700155724 /* RegisterViewController.xib in Resources */,
			);
			runOnlyForDeploymentPostprocessing = 0;
		};
/* End PBXResourcesBuildPhase section */

/* Begin PBXShellScriptBuildPhase section */
		7244C8D32A5ACC8330F0DC2F /* [CP] Copy Pods Resources */ = {
			isa = PBXShellScriptBuildPhase;
			buildActionMask = 2147483647;
			files = (
			);
			inputPaths = (
			);
			name = "[CP] Copy Pods Resources";
			outputPaths = (
			);
			runOnlyForDeploymentPostprocessing = 0;
			shellPath = /bin/sh;
			shellScript = "\"${SRCROOT}/Pods/Target Support Files/Pods-ZBApp/Pods-ZBApp-resources.sh\"\n";
			showEnvVarsInLog = 0;
		};
		BB95E20B254D3ED25964B6CA /* [CP] Check Pods Manifest.lock */ = {
			isa = PBXShellScriptBuildPhase;
			buildActionMask = 2147483647;
			files = (
			);
			inputPaths = (
				"${PODS_PODFILE_DIR_PATH}/Podfile.lock",
				"${PODS_ROOT}/Manifest.lock",
			);
			name = "[CP] Check Pods Manifest.lock";
			outputPaths = (
				"$(DERIVED_FILE_DIR)/Pods-ZBApp-checkManifestLockResult.txt",
			);
			runOnlyForDeploymentPostprocessing = 0;
			shellPath = /bin/sh;
			shellScript = "diff \"${PODS_PODFILE_DIR_PATH}/Podfile.lock\" \"${PODS_ROOT}/Manifest.lock\" > /dev/null\nif [ $? != 0 ] ; then\n    # print error to STDERR\n    echo \"error: The sandbox is not in sync with the Podfile.lock. Run 'pod install' or update your CocoaPods installation.\" >&2\n    exit 1\nfi\n# This output is used by Xcode 'outputs' to avoid re-running this script phase.\necho \"SUCCESS\" > \"${SCRIPT_OUTPUT_FILE_0}\"\n";
			showEnvVarsInLog = 0;
		};
		C43C5B0AF4FD8DF8307EDDED /* [CP] Embed Pods Frameworks */ = {
			isa = PBXShellScriptBuildPhase;
			buildActionMask = 2147483647;
			files = (
			);
			inputPaths = (
				"${SRCROOT}/Pods/Target Support Files/Pods-ZBApp/Pods-ZBApp-frameworks.sh",
				"${BUILT_PRODUCTS_DIR}/AFNetworking/AFNetworking.framework",
				"${BUILT_PRODUCTS_DIR}/AWSAuthCore/AWSAuthCore.framework",
				"${BUILT_PRODUCTS_DIR}/AWSCognito/AWSCognito.framework",
				"${BUILT_PRODUCTS_DIR}/AWSCore/AWSCore.framework",
				"${BUILT_PRODUCTS_DIR}/AWSMobileClient/AWSMobileClient.framework",
				"${BUILT_PRODUCTS_DIR}/AWSS3/AWSS3.framework",
				"${BUILT_PRODUCTS_DIR}/BEMCheckBox/BEMCheckBox.framework",
				"${BUILT_PRODUCTS_DIR}/CYLTabBarController/CYLTabBarController.framework",
				"${BUILT_PRODUCTS_DIR}/IQKeyboardManagerSwift/IQKeyboardManagerSwift.framework",
				"${BUILT_PRODUCTS_DIR}/MBProgressHUD/MBProgressHUD.framework",
				"${BUILT_PRODUCTS_DIR}/MJRefresh/MJRefresh.framework",
				"${BUILT_PRODUCTS_DIR}/Masonry/Masonry.framework",
				"${BUILT_PRODUCTS_DIR}/SDWebImage/SDWebImage.framework",
				"${BUILT_PRODUCTS_DIR}/SKPhotoBrowser/SKPhotoBrowser.framework",
				"${BUILT_PRODUCTS_DIR}/Toast/Toast.framework",
				"${BUILT_PRODUCTS_DIR}/YYModel/YYModel.framework",
			);
			name = "[CP] Embed Pods Frameworks";
			outputPaths = (
				"${TARGET_BUILD_DIR}/${FRAMEWORKS_FOLDER_PATH}/AFNetworking.framework",
				"${TARGET_BUILD_DIR}/${FRAMEWORKS_FOLDER_PATH}/AWSAuthCore.framework",
				"${TARGET_BUILD_DIR}/${FRAMEWORKS_FOLDER_PATH}/AWSCognito.framework",
				"${TARGET_BUILD_DIR}/${FRAMEWORKS_FOLDER_PATH}/AWSCore.framework",
				"${TARGET_BUILD_DIR}/${FRAMEWORKS_FOLDER_PATH}/AWSMobileClient.framework",
				"${TARGET_BUILD_DIR}/${FRAMEWORKS_FOLDER_PATH}/AWSS3.framework",
				"${TARGET_BUILD_DIR}/${FRAMEWORKS_FOLDER_PATH}/BEMCheckBox.framework",
				"${TARGET_BUILD_DIR}/${FRAMEWORKS_FOLDER_PATH}/CYLTabBarController.framework",
				"${TARGET_BUILD_DIR}/${FRAMEWORKS_FOLDER_PATH}/IQKeyboardManagerSwift.framework",
				"${TARGET_BUILD_DIR}/${FRAMEWORKS_FOLDER_PATH}/MBProgressHUD.framework",
				"${TARGET_BUILD_DIR}/${FRAMEWORKS_FOLDER_PATH}/MJRefresh.framework",
				"${TARGET_BUILD_DIR}/${FRAMEWORKS_FOLDER_PATH}/Masonry.framework",
				"${TARGET_BUILD_DIR}/${FRAMEWORKS_FOLDER_PATH}/SDWebImage.framework",
				"${TARGET_BUILD_DIR}/${FRAMEWORKS_FOLDER_PATH}/SKPhotoBrowser.framework",
				"${TARGET_BUILD_DIR}/${FRAMEWORKS_FOLDER_PATH}/Toast.framework",
				"${TARGET_BUILD_DIR}/${FRAMEWORKS_FOLDER_PATH}/YYModel.framework",
			);
			runOnlyForDeploymentPostprocessing = 0;
			shellPath = /bin/sh;
			shellScript = "\"${SRCROOT}/Pods/Target Support Files/Pods-ZBApp/Pods-ZBApp-frameworks.sh\"\n";
			showEnvVarsInLog = 0;
		};
/* End PBXShellScriptBuildPhase section */

/* Begin PBXSourcesBuildPhase section */
		99F43ACF21606EB400A84EBD /* Sources */ = {
			isa = PBXSourcesBuildPhase;
			buildActionMask = 2147483647;
			files = (
				9932153521703F2100CAB18B /* LoginViewController.swift in Sources */,
				99A8C46B21797CB5009509B8 /* SettingViewController.swift in Sources */,
				990F7B092172068D0075A04C /* ListRoomInfoView.swift in Sources */,
				994F6348216C78F20063044B /* UIColor+CZAddition.m in Sources */,
				99D781AF217C6F8A00611DE0 /* ZB_Photo.swift in Sources */,
				99017C18217077CE00155724 /* ResetPasswordViewController.swift in Sources */,
				9936F3AD217F1F7F00642697 /* FeedbackListViewController.swift in Sources */,
				994F6344216C78F20063044B /* NSString+CZHash.m in Sources */,
				994F633D216C78F20063044B /* UILabel+CZAddition.m in Sources */,
				990F7B0D21723B380075A04C /* RepairInfoTextView.swift in Sources */,
				99C2C31E2177084A00C0B94A /* DemoViewController.swift in Sources */,
				994F6341216C78F20063044B /* NSString+CZBase64.m in Sources */,
				990F7B0B217226030075A04C /* RoomRuteCell.swift in Sources */,
				990F7AFB217197C40075A04C /* CarryMissonImageAndFlieView.swift in Sources */,
				9923CBB5216B56F900EDCA7A /* MissionCell.swift in Sources */,
				99D781B3217C723100611DE0 /* ZB_TaskInfo.swift in Sources */,
				99D69A222175CCC400A5DC09 /* CommonMethod.m in Sources */,
				990F7AF62170ED560075A04C /* ViewCategory.swift in Sources */,
				994F6346216C78F20063044B /* NSObject+CZRuntime.m in Sources */,
				990F7AF4216FAF490075A04C /* CalendarBgView.swift in Sources */,
				9921CE2C2160AB37005DC836 /* PersonalViewController.swift in Sources */,
				994EE465216DF7F500EB86DD /* JHListChooseView.swift in Sources */,
				9906B15A2180C0700095E1DD /* HomeMissionCell.swift in Sources */,
				994F633F216C78F20063044B /* UIButton+CZAddition.m in Sources */,
				9944ABBE21735C6B00B4CB08 /* CleanPicUploadView.swift in Sources */,
				99D556FA21788A7E006C92A3 /* MissionSegmentBar.swift in Sources */,
				99D104712179CD7700713884 /* ZB_User.swift in Sources */,
				99F1FD232174E12B002699FE /* RepairPicUploadView.swift in Sources */,
				9923CBB0216B014100EDCA7A /* MainTabBarController.swift in Sources */,
				99F1FD252174E156002699FE /* RepairImageCell.swift in Sources */,
				994F633E216C78F20063044B /* NSArray+Log.m in Sources */,
				990F7B052171DA570075A04C /* RoomInfoView.swift in Sources */,
				99F43AD721606EB400A84EBD /* AppDelegate.swift in Sources */,
				994F634B216C822C0063044B /* StarView.swift in Sources */,
				99017C1F217088AF00155724 /* MissionDetailBaseViewController.swift in Sources */,
				99425B552174648B00A18E45 /* CleanImageCell.swift in Sources */,
				99D104742179CDE500713884 /* NetWorkManager.swift in Sources */,
				99D781AD217C6C1600611DE0 /* ZB_Task.swift in Sources */,
				994F6343216C78F20063044B /* UIView+CZAddition.m in Sources */,
				99D556F821785996006C92A3 /* PersonalInfoController.swift in Sources */,
				994EE460216DDC3700EB86DD /* MissionTypeTopBar.swift in Sources */,
				9921CE2E2160AB56005DC836 /* HomeViewController.swift in Sources */,
				994F6340216C78F20063044B /* UIViewController+CZAddition.m in Sources */,
				99D781B7217C746E00611DE0 /* ZB_TaskProperty.swift in Sources */,
				994F6355216C9C480063044B /* JHNavigationBar.swift in Sources */,
				994F6342216C78F20063044B /* NSString+CZPath.m in Sources */,
				99017C2121708A6B00155724 /* MissionBaseInfoView.swift in Sources */,
				9945A2B72178DB1200240437 /* MapViewController.swift in Sources */,
				99425B572174763300A18E45 /* ClaenCollectionHeaderView.swift in Sources */,
				99017C232170A8E900155724 /* CarryMissionInfoView.swift in Sources */,
				9936F3AF217F20A400642697 /* FeedbackItemCell.swift in Sources */,
				990F7AFD2171B3700075A04C /* FlieItem.swift in Sources */,
				99D781B1217C707D00611DE0 /* ZB_TaskPhotoItem.swift in Sources */,
				99C2C32321772FAD00C0B94A /* QueFeedbackController.swift in Sources */,
				9945A2B92178DB2400240437 /* WebViewController.swift in Sources */,
				990F7AFF2171C5E80075A04C /* FeedbackView.swift in Sources */,
				994F6347216C78F20063044B /* UIScreen+CZAddition.m in Sources */,
				99017C1421706C5700155724 /* RegisterViewController.swift in Sources */,
				99C2C3252177390400C0B94A /* BankAccountController.swift in Sources */,
				99D69A242175E69400A5DC09 /* repairAddCell.swift in Sources */,
				994EE463216DF6A300EB86DD /* ListChooseCell.swift in Sources */,
				ADB1322D217AED2A002B811B /* ZBUrl.swift in Sources */,
				992349F02180A24300D92120 /* ZB_UploadImageItem.swift in Sources */,
				99017C1D2170889500155724 /* CarryMissionDetailViewController.swift in Sources */,
				99C2C3212177109A00C0B94A /* JHDropdownView.swift in Sources */,
				9921CE302160AB70005DC836 /* UnTakeMissionViewController.swift in Sources */,
				9945BECF217705780001593F /* CertifApplyController.swift in Sources */,
				990F7B012171D2010075A04C /* CheckView.swift in Sources */,
				99D781B9217C77E900611DE0 /* ZB_TaskLog.swift in Sources */,
				990F7B032171D8D80075A04C /* CleanMissionDetailViewController.swift in Sources */,
				99D781B5217C724700611DE0 /* ZB_Address.swift in Sources */,
				9906B1642180C6A80095E1DD /* LanguageHelper.swift in Sources */,
				990F7B07217205490075A04C /* RepairMissionDetailViewController.swift in Sources */,
				994F6321216C57640063044B /* Constants.swift in Sources */,
				99F1FD272174E17E002699FE /* RepairHeaderView.swift in Sources */,
				994F6345216C78F20063044B /* NSAttributedString+CZAdditon.m in Sources */,
			);
			runOnlyForDeploymentPostprocessing = 0;
		};
/* End PBXSourcesBuildPhase section */

/* Begin PBXVariantGroup section */
		9906B1602180C4BB0095E1DD /* Localizable.strings */ = {
			isa = PBXVariantGroup;
			children = (
				9906B15F2180C4BB0095E1DD /* en */,
				9906B1612180C5320095E1DD /* zh-Hans */,
				9906B1622180C55B0095E1DD /* ja */,
			);
			name = Localizable.strings;
			sourceTree = "<group>";
		};
		99F43ADA21606EB400A84EBD /* Main.storyboard */ = {
			isa = PBXVariantGroup;
			children = (
				99F43ADB21606EB400A84EBD /* Base */,
			);
			name = Main.storyboard;
			sourceTree = "<group>";
		};
		99F43ADF21606EB600A84EBD /* LaunchScreen.storyboard */ = {
			isa = PBXVariantGroup;
			children = (
				99F43AE021606EB600A84EBD /* Base */,
			);
			name = LaunchScreen.storyboard;
			sourceTree = "<group>";
		};
/* End PBXVariantGroup section */

/* Begin XCBuildConfiguration section */
		99F43AE321606EB600A84EBD /* Debug */ = {
			isa = XCBuildConfiguration;
			buildSettings = {
				ALWAYS_SEARCH_USER_PATHS = NO;
				CLANG_ANALYZER_LOCALIZABILITY_NONLOCALIZED = YES;
				CLANG_ANALYZER_NONNULL = YES;
				CLANG_ANALYZER_NUMBER_OBJECT_CONVERSION = YES_AGGRESSIVE;
				CLANG_CXX_LANGUAGE_STANDARD = "gnu++14";
				CLANG_CXX_LIBRARY = "libc++";
				CLANG_ENABLE_MODULES = YES;
				CLANG_ENABLE_OBJC_ARC = YES;
				CLANG_ENABLE_OBJC_WEAK = YES;
				CLANG_WARN_BLOCK_CAPTURE_AUTORELEASING = YES;
				CLANG_WARN_BOOL_CONVERSION = YES;
				CLANG_WARN_COMMA = YES;
				CLANG_WARN_CONSTANT_CONVERSION = YES;
				CLANG_WARN_DEPRECATED_OBJC_IMPLEMENTATIONS = YES;
				CLANG_WARN_DIRECT_OBJC_ISA_USAGE = YES_ERROR;
				CLANG_WARN_DOCUMENTATION_COMMENTS = YES;
				CLANG_WARN_EMPTY_BODY = YES;
				CLANG_WARN_ENUM_CONVERSION = YES;
				CLANG_WARN_INFINITE_RECURSION = YES;
				CLANG_WARN_INT_CONVERSION = YES;
				CLANG_WARN_NON_LITERAL_NULL_CONVERSION = YES;
				CLANG_WARN_OBJC_IMPLICIT_RETAIN_SELF = YES;
				CLANG_WARN_OBJC_LITERAL_CONVERSION = YES;
				CLANG_WARN_OBJC_ROOT_CLASS = YES_ERROR;
				CLANG_WARN_RANGE_LOOP_ANALYSIS = YES;
				CLANG_WARN_STRICT_PROTOTYPES = YES;
				CLANG_WARN_SUSPICIOUS_MOVE = YES;
				CLANG_WARN_UNGUARDED_AVAILABILITY = YES_AGGRESSIVE;
				CLANG_WARN_UNREACHABLE_CODE = YES;
				CLANG_WARN__DUPLICATE_METHOD_MATCH = YES;
				CODE_SIGN_IDENTITY = "iPhone Developer";
				COPY_PHASE_STRIP = NO;
				DEBUG_INFORMATION_FORMAT = dwarf;
				ENABLE_STRICT_OBJC_MSGSEND = YES;
				ENABLE_TESTABILITY = YES;
				GCC_C_LANGUAGE_STANDARD = gnu11;
				GCC_DYNAMIC_NO_PIC = NO;
				GCC_NO_COMMON_BLOCKS = YES;
				GCC_OPTIMIZATION_LEVEL = 0;
				GCC_PREPROCESSOR_DEFINITIONS = (
					"DEBUG=1",
					"$(inherited)",
				);
				GCC_WARN_64_TO_32_BIT_CONVERSION = YES;
				GCC_WARN_ABOUT_RETURN_TYPE = YES_ERROR;
				GCC_WARN_UNDECLARED_SELECTOR = YES;
				GCC_WARN_UNINITIALIZED_AUTOS = YES_AGGRESSIVE;
				GCC_WARN_UNUSED_FUNCTION = YES;
				GCC_WARN_UNUSED_VARIABLE = YES;
				IPHONEOS_DEPLOYMENT_TARGET = 12.0;
				MTL_ENABLE_DEBUG_INFO = INCLUDE_SOURCE;
				MTL_FAST_MATH = YES;
				ONLY_ACTIVE_ARCH = YES;
				SDKROOT = iphoneos;
				SWIFT_ACTIVE_COMPILATION_CONDITIONS = DEBUG;
				SWIFT_OPTIMIZATION_LEVEL = "-Onone";
			};
			name = Debug;
		};
		99F43AE421606EB600A84EBD /* Release */ = {
			isa = XCBuildConfiguration;
			buildSettings = {
				ALWAYS_SEARCH_USER_PATHS = NO;
				CLANG_ANALYZER_LOCALIZABILITY_NONLOCALIZED = YES;
				CLANG_ANALYZER_NONNULL = YES;
				CLANG_ANALYZER_NUMBER_OBJECT_CONVERSION = YES_AGGRESSIVE;
				CLANG_CXX_LANGUAGE_STANDARD = "gnu++14";
				CLANG_CXX_LIBRARY = "libc++";
				CLANG_ENABLE_MODULES = YES;
				CLANG_ENABLE_OBJC_ARC = YES;
				CLANG_ENABLE_OBJC_WEAK = YES;
				CLANG_WARN_BLOCK_CAPTURE_AUTORELEASING = YES;
				CLANG_WARN_BOOL_CONVERSION = YES;
				CLANG_WARN_COMMA = YES;
				CLANG_WARN_CONSTANT_CONVERSION = YES;
				CLANG_WARN_DEPRECATED_OBJC_IMPLEMENTATIONS = YES;
				CLANG_WARN_DIRECT_OBJC_ISA_USAGE = YES_ERROR;
				CLANG_WARN_DOCUMENTATION_COMMENTS = YES;
				CLANG_WARN_EMPTY_BODY = YES;
				CLANG_WARN_ENUM_CONVERSION = YES;
				CLANG_WARN_INFINITE_RECURSION = YES;
				CLANG_WARN_INT_CONVERSION = YES;
				CLANG_WARN_NON_LITERAL_NULL_CONVERSION = YES;
				CLANG_WARN_OBJC_IMPLICIT_RETAIN_SELF = YES;
				CLANG_WARN_OBJC_LITERAL_CONVERSION = YES;
				CLANG_WARN_OBJC_ROOT_CLASS = YES_ERROR;
				CLANG_WARN_RANGE_LOOP_ANALYSIS = YES;
				CLANG_WARN_STRICT_PROTOTYPES = YES;
				CLANG_WARN_SUSPICIOUS_MOVE = YES;
				CLANG_WARN_UNGUARDED_AVAILABILITY = YES_AGGRESSIVE;
				CLANG_WARN_UNREACHABLE_CODE = YES;
				CLANG_WARN__DUPLICATE_METHOD_MATCH = YES;
				CODE_SIGN_IDENTITY = "iPhone Developer";
				COPY_PHASE_STRIP = NO;
				DEBUG_INFORMATION_FORMAT = "dwarf-with-dsym";
				ENABLE_NS_ASSERTIONS = NO;
				ENABLE_STRICT_OBJC_MSGSEND = YES;
				GCC_C_LANGUAGE_STANDARD = gnu11;
				GCC_NO_COMMON_BLOCKS = YES;
				GCC_WARN_64_TO_32_BIT_CONVERSION = YES;
				GCC_WARN_ABOUT_RETURN_TYPE = YES_ERROR;
				GCC_WARN_UNDECLARED_SELECTOR = YES;
				GCC_WARN_UNINITIALIZED_AUTOS = YES_AGGRESSIVE;
				GCC_WARN_UNUSED_FUNCTION = YES;
				GCC_WARN_UNUSED_VARIABLE = YES;
				IPHONEOS_DEPLOYMENT_TARGET = 12.0;
				MTL_ENABLE_DEBUG_INFO = NO;
				MTL_FAST_MATH = YES;
				SDKROOT = iphoneos;
				SWIFT_COMPILATION_MODE = wholemodule;
				SWIFT_OPTIMIZATION_LEVEL = "-O";
				VALIDATE_PRODUCT = YES;
			};
			name = Release;
		};
		99F43AE621606EB600A84EBD /* Debug */ = {
			isa = XCBuildConfiguration;
			baseConfigurationReference = 233D6273A18A983E8E7A4B91 /* Pods-ZBApp.debug.xcconfig */;
			buildSettings = {
				ASSETCATALOG_COMPILER_APPICON_NAME = AppIcon;
				CLANG_ENABLE_MODULES = YES;
				CODE_SIGN_IDENTITY = "iPhone Developer: jialin he (DX4S332VJ9)";
				CODE_SIGN_STYLE = Manual;
				DEVELOPMENT_TEAM = Y6RH2VSRP8;
				INFOPLIST_FILE = ZBApp/Info.plist;
				IPHONEOS_DEPLOYMENT_TARGET = 9.2;
				LD_RUNPATH_SEARCH_PATHS = (
					"$(inherited)",
					"@executable_path/Frameworks",
				);
				PRODUCT_BUNDLE_IDENTIFIER = com.elitestalk.ZBApp;
				PRODUCT_NAME = "$(TARGET_NAME)";
				PROVISIONING_PROFILE_SPECIFIER = wildElitestalk;
				SWIFT_OBJC_BRIDGING_HEADER = ZBApp/ZBApp_Bridge.h;
				SWIFT_OPTIMIZATION_LEVEL = "-Onone";
				SWIFT_VERSION = 4.2;
				TARGETED_DEVICE_FAMILY = 1;
			};
			name = Debug;
		};
		99F43AE721606EB600A84EBD /* Release */ = {
			isa = XCBuildConfiguration;
			baseConfigurationReference = DA329A7677E706280A3A015B /* Pods-ZBApp.release.xcconfig */;
			buildSettings = {
				ASSETCATALOG_COMPILER_APPICON_NAME = AppIcon;
				CLANG_ENABLE_MODULES = YES;
				CODE_SIGN_IDENTITY = "iPhone Developer: jialin he (DX4S332VJ9)";
				CODE_SIGN_STYLE = Manual;
				DEVELOPMENT_TEAM = Y6RH2VSRP8;
				INFOPLIST_FILE = ZBApp/Info.plist;
				IPHONEOS_DEPLOYMENT_TARGET = 9.2;
				LD_RUNPATH_SEARCH_PATHS = (
					"$(inherited)",
					"@executable_path/Frameworks",
				);
				PRODUCT_BUNDLE_IDENTIFIER = com.elitestalk.ZBApp;
				PRODUCT_NAME = "$(TARGET_NAME)";
				PROVISIONING_PROFILE_SPECIFIER = wildElitestalk;
				SWIFT_OBJC_BRIDGING_HEADER = ZBApp/ZBApp_Bridge.h;
				SWIFT_VERSION = 4.2;
				TARGETED_DEVICE_FAMILY = 1;
			};
			name = Release;
		};
/* End XCBuildConfiguration section */

/* Begin XCConfigurationList section */
		99F43ACE21606EB400A84EBD /* Build configuration list for PBXProject "ZBApp" */ = {
			isa = XCConfigurationList;
			buildConfigurations = (
				99F43AE321606EB600A84EBD /* Debug */,
				99F43AE421606EB600A84EBD /* Release */,
			);
			defaultConfigurationIsVisible = 0;
			defaultConfigurationName = Release;
		};
		99F43AE521606EB600A84EBD /* Build configuration list for PBXNativeTarget "ZBApp" */ = {
			isa = XCConfigurationList;
			buildConfigurations = (
				99F43AE621606EB600A84EBD /* Debug */,
				99F43AE721606EB600A84EBD /* Release */,
			);
			defaultConfigurationIsVisible = 0;
			defaultConfigurationName = Release;
		};
/* End XCConfigurationList section */
	};
	rootObject = 99F43ACB21606EB400A84EBD /* Project object */;
}
